
Microsoft Visual Studio Solution File, Format Version 12.00
# Visual Studio Version 16
VisualStudioVersion = 16.0.29306.81
MinimumVisualStudioVersion = 10.0.40219.1
Project("{FAE04EC0-301F-11D3-BF4B-00C04F79EFBC}") = "CompMod", "CompMod.csproj", "{B639B6BC-3AB3-46FF-B912-79A13B5ADB4B}"
EndProject
Global
	GlobalSection(SolutionConfigurationPlatforms) = preSolution
		Debug|Any CPU = Debug|Any CPU
		Release|Any CPU = Release|Any CPU
	EndGlobalSection
	GlobalSection(ProjectConfigurationPlatforms) = postSolution
		{B639B6BC-3AB3-46FF-B912-79A13B5ADB4B}.Debug|Any CPU.ActiveCfg = Debug|Any CPU
		{B639B6BC-3AB3-46FF-B912-79A13B5ADB4B}.Debug|Any CPU.Build.0 = Debug|Any CPU
		{B639B6BC-3AB3-46FF-B912-79A13B5ADB4B}.Release|Any CPU.ActiveCfg = Release|Any CPU
		{B639B6BC-3AB3-46FF-B912-79A13B5ADB4B}.Release|Any CPU.Build.0 = Release|Any CPU
	EndGlobalSection
	GlobalSection(SolutionProperties) = preSolution
		HideSolutionNode = FALSE
	EndGlobalSection
	GlobalSection(ExtensibilityGlobals) = postSolution
		SolutionGuid = {11E1D468-B785-45A3-8BD3-7388DEB391EF}
	EndGlobalSection
EndGlobal
